
Microsoft Visual Studio Solution File, Format Version 12.00
# Visual Studio Version 17
VisualStudioVersion = 17.8.34309.116
MinimumVisualStudioVersion = 10.0.40219.1
Project("{FAE04EC0-301F-11D3-BF4B-00C04F79EFBC}") = "RESTApi", "RESTApi\RESTApi.csproj", "{FFF0F55B-9A86-40BD-83C9-305ECA573458}"
EndProject
Project("{FAE04EC0-301F-11D3-BF4B-00C04F79EFBC}") = "WebApp", "WebApp\WebApp.csproj", "{0726D6D2-25A4-40BF-91B1-A6919796F045}"
EndProject
Global
	GlobalSection(SolutionConfigurationPlatforms) = preSolution
		Debug|Any CPU = Debug|Any CPU
		Release|Any CPU = Release|Any CPU
	EndGlobalSection
	GlobalSection(ProjectConfigurationPlatforms) = postSolution
		{FFF0F55B-9A86-40BD-83C9-305ECA573458}.Debug|Any CPU.ActiveCfg = Debug|Any CPU
		{FFF0F55B-9A86-40BD-83C9-305ECA573458}.Debug|Any CPU.Build.0 = Debug|Any CPU
		{FFF0F55B-9A86-40BD-83C9-305ECA573458}.Release|Any CPU.ActiveCfg = Release|Any CPU
		{FFF0F55B-9A86-40BD-83C9-305ECA573458}.Release|Any CPU.Build.0 = Release|Any CPU
		{0726D6D2-25A4-40BF-91B1-A6919796F045}.Debug|Any CPU.ActiveCfg = Debug|Any CPU
		{0726D6D2-25A4-40BF-91B1-A6919796F045}.Debug|Any CPU.Build.0 = Debug|Any CPU
		{0726D6D2-25A4-40BF-91B1-A6919796F045}.Release|Any CPU.ActiveCfg = Release|Any CPU
		{0726D6D2-25A4-40BF-91B1-A6919796F045}.Release|Any CPU.Build.0 = Release|Any CPU
	EndGlobalSection
	GlobalSection(SolutionProperties) = preSolution
		HideSolutionNode = FALSE
	EndGlobalSection
	GlobalSection(ExtensibilityGlobals) = postSolution
		SolutionGuid = {14EC87A1-99ED-48A2-A042-E2119C05AF59}
	EndGlobalSection
EndGlobal
